
Microsoft Visual Studio Solution File, Format Version 12.00
# Visual Studio Version 16
VisualStudioVersion = 16.0.32126.315
MinimumVisualStudioVersion = 10.0.40219.1
Project("{8BC9CEB8-8B4A-11D0-8D11-00A0C91BC942}") = "TouhouMemoryHack", "TouhouMemoryHack\TouhouMemoryHack.vcxproj", "{56B372D3-C7F8-408B-A492-33F478CE62E3}"
EndProject
Global
	GlobalSection(SolutionConfigurationPlatforms) = preSolution
		Debug|x64 = Debug|x64
		Debug|x86 = Debug|x86
		Release|x64 = Release|x64
		Release|x86 = Release|x86
	EndGlobalSection
	GlobalSection(ProjectConfigurationPlatforms) = postSolution
		{56B372D3-C7F8-408B-A492-33F478CE62E3}.Debug|x64.ActiveCfg = Debug|x64
		{56B372D3-C7F8-408B-A492-33F478CE62E3}.Debug|x64.Build.0 = Debug|x64
		{56B372D3-C7F8-408B-A492-33F478CE62E3}.Debug|x86.ActiveCfg = Debug|Win32
		{56B372D3-C7F8-408B-A492-33F478CE62E3}.Debug|x86.Build.0 = Debug|Win32
		{56B372D3-C7F8-408B-A492-33F478CE62E3}.Release|x64.ActiveCfg = Release|x64
		{56B372D3-C7F8-408B-A492-33F478CE62E3}.Release|x64.Build.0 = Release|x64
		{56B372D3-C7F8-408B-A492-33F478CE62E3}.Release|x86.ActiveCfg = Release|Win32
		{56B372D3-C7F8-408B-A492-33F478CE62E3}.Release|x86.Build.0 = Release|Win32
	EndGlobalSection
	GlobalSection(SolutionProperties) = preSolution
		HideSolutionNode = FALSE
	EndGlobalSection
	GlobalSection(ExtensibilityGlobals) = postSolution
		SolutionGuid = {63132390-F75C-4116-8CEB-797E086EC371}
	EndGlobalSection
EndGlobal
